
Microsoft Visual Studio Solution File, Format Version 12.00
# Visual Studio Version 16
VisualStudioVersion = 16.0.31702.278
MinimumVisualStudioVersion = 10.0.40219.1
Project("{FAE04EC0-301F-11D3-BF4B-00C04F79EFBC}") = "ComputerStoreManager", "ComputerStoreManager\ComputerStoreManager.csproj", "{9373844B-17AE-42AA-9DB7-87D261B2E2E0}"
EndProject
Global
	GlobalSection(SolutionConfigurationPlatforms) = preSolution
		Debug|Any CPU = Debug|Any CPU
		Release|Any CPU = Release|Any CPU
	EndGlobalSection
	GlobalSection(ProjectConfigurationPlatforms) = postSolution
		{9373844B-17AE-42AA-9DB7-87D261B2E2E0}.Debug|Any CPU.ActiveCfg = Debug|Any CPU
		{9373844B-17AE-42AA-9DB7-87D261B2E2E0}.Debug|Any CPU.Build.0 = Debug|Any CPU
		{9373844B-17AE-42AA-9DB7-87D261B2E2E0}.Release|Any CPU.ActiveCfg = Release|Any CPU
		{9373844B-17AE-42AA-9DB7-87D261B2E2E0}.Release|Any CPU.Build.0 = Release|Any CPU
	EndGlobalSection
	GlobalSection(SolutionProperties) = preSolution
		HideSolutionNode = FALSE
	EndGlobalSection
	GlobalSection(ExtensibilityGlobals) = postSolution
		SolutionGuid = {3AECE619-1F72-4296-95AD-58ED9A8B9ABE}
	EndGlobalSection
EndGlobal
